
Microsoft Visual Studio Solution File, Format Version 12.00
# Visual Studio Version 17
VisualStudioVersion = 17.4.33205.214
MinimumVisualStudioVersion = 10.0.40219.1
Project("{FAE04EC0-301F-11D3-BF4B-00C04F79EFBC}") = "BookStore", "BookStore\BookStore.csproj", "{615F5776-6920-45A0-9624-96FB3E6F3878}"
EndProject
Global
	GlobalSection(SolutionConfigurationPlatforms) = preSolution
		Debug|Any CPU = Debug|Any CPU
		Release|Any CPU = Release|Any CPU
	EndGlobalSection
	GlobalSection(ProjectConfigurationPlatforms) = postSolution
		{615F5776-6920-45A0-9624-96FB3E6F3878}.Debug|Any CPU.ActiveCfg = Debug|Any CPU
		{615F5776-6920-45A0-9624-96FB3E6F3878}.Debug|Any CPU.Build.0 = Debug|Any CPU
		{615F5776-6920-45A0-9624-96FB3E6F3878}.Release|Any CPU.ActiveCfg = Release|Any CPU
		{615F5776-6920-45A0-9624-96FB3E6F3878}.Release|Any CPU.Build.0 = Release|Any CPU
	EndGlobalSection
	GlobalSection(SolutionProperties) = preSolution
		HideSolutionNode = FALSE
	EndGlobalSection
	GlobalSection(ExtensibilityGlobals) = postSolution
		SolutionGuid = {40D60949-0A80-434E-94A0-9621EFE5AA7B}
	EndGlobalSection
EndGlobal
